
Microsoft Visual Studio Solution File, Format Version 12.00
# Visual Studio Version 16
VisualStudioVersion = 16.0.30804.86
MinimumVisualStudioVersion = 10.0.40219.1
Project("{FAE04EC0-301F-11D3-BF4B-00C04F79EFBC}") = "ArrayLists", "ArrayLists.csproj", "{53018C65-DF9E-4370-8442-90F37E4A66B7}"
EndProject
Global
	GlobalSection(SolutionConfigurationPlatforms) = preSolution
		Debug|Any CPU = Debug|Any CPU
		Release|Any CPU = Release|Any CPU
	EndGlobalSection
	GlobalSection(ProjectConfigurationPlatforms) = postSolution
		{53018C65-DF9E-4370-8442-90F37E4A66B7}.Debug|Any CPU.ActiveCfg = Debug|Any CPU
		{53018C65-DF9E-4370-8442-90F37E4A66B7}.Debug|Any CPU.Build.0 = Debug|Any CPU
		{53018C65-DF9E-4370-8442-90F37E4A66B7}.Release|Any CPU.ActiveCfg = Release|Any CPU
		{53018C65-DF9E-4370-8442-90F37E4A66B7}.Release|Any CPU.Build.0 = Release|Any CPU
	EndGlobalSection
	GlobalSection(SolutionProperties) = preSolution
		HideSolutionNode = FALSE
	EndGlobalSection
	GlobalSection(ExtensibilityGlobals) = postSolution
		SolutionGuid = {7FB6F909-0B75-42C2-AB11-660C867CEE57}
	EndGlobalSection
EndGlobal
